// !$*UTF8*$!
{
	archiveVersion = 1;
	classes = {
	};
	objectVersion = 56;
	objects = {

/* Begin PBXBuildFile section */
		103B65FC2C4EFA280076822A /* Conexion.swift in Sources */ = {isa = PBXBuildFile; fileRef = 103B65FB2C4EFA280076822A /* Conexion.swift */; };
		103B65FF2C4EFBDE0076822A /* LoginControl.swift in Sources */ = {isa = PBXBuildFile; fileRef = 103B65FE2C4EFBDE0076822A /* LoginControl.swift */; };
		103B66012C4EFBFD0076822A /* ConfirmacionControler.swift in Sources */ = {isa = PBXBuildFile; fileRef = 103B66002C4EFBFD0076822A /* ConfirmacionControler.swift */; };
		103B66032C4EFC330076822A /* InicioControler.swift in Sources */ = {isa = PBXBuildFile; fileRef = 103B66022C4EFC330076822A /* InicioControler.swift */; };
		103B66052C4EFC550076822A /* PreguntasCOntroler.swift in Sources */ = {isa = PBXBuildFile; fileRef = 103B66042C4EFC550076822A /* PreguntasCOntroler.swift */; };
		103B66072C4EFCD50076822A /* PreguntaControler.swift in Sources */ = {isa = PBXBuildFile; fileRef = 103B66062C4EFCD50076822A /* PreguntaControler.swift */; };
		103B66092C4EFCEA0076822A /* GraficasControler.swift in Sources */ = {isa = PBXBuildFile; fileRef = 103B66082C4EFCEA0076822A /* GraficasControler.swift */; };
		104D380E2C406FD80011E85C /* AppDelegate.swift in Sources */ = {isa = PBXBuildFile; fileRef = 104D380D2C406FD80011E85C /* AppDelegate.swift */; };
		104D38102C406FD80011E85C /* SceneDelegate.swift in Sources */ = {isa = PBXBuildFile; fileRef = 104D380F2C406FD80011E85C /* SceneDelegate.swift */; };
		104D38122C406FD80011E85C /* ViewController.swift in Sources */ = {isa = PBXBuildFile; fileRef = 104D38112C406FD80011E85C /* ViewController.swift */; };
		104D38152C406FD80011E85C /* Base in Resources */ = {isa = PBXBuildFile; fileRef = 104D38142C406FD80011E85C /* Base */; };
		104D38172C406FD90011E85C /* Assets.xcassets in Resources */ = {isa = PBXBuildFile; fileRef = 104D38162C406FD90011E85C /* Assets.xcassets */; };
		104D381A2C406FD90011E85C /* Base in Resources */ = {isa = PBXBuildFile; fileRef = 104D38192C406FD90011E85C /* Base */; };
		104D38252C406FDA0011E85C /* MutatioIOSTests.swift in Sources */ = {isa = PBXBuildFile; fileRef = 104D38242C406FDA0011E85C /* MutatioIOSTests.swift */; };
		104D382F2C406FDA0011E85C /* MutatioIOSUITests.swift in Sources */ = {isa = PBXBuildFile; fileRef = 104D382E2C406FDA0011E85C /* MutatioIOSUITests.swift */; };
		104D38312C406FDA0011E85C /* MutatioIOSUITestsLaunchTests.swift in Sources */ = {isa = PBXBuildFile; fileRef = 104D38302C406FDA0011E85C /* MutatioIOSUITestsLaunchTests.swift */; };
		10B5A7032C618A200031A90D /* InicioAceptado.xml in Resources */ = {isa = PBXBuildFile; fileRef = 10B5A6F82C618A200031A90D /* InicioAceptado.xml */; };
		10B5A7042C618A200031A90D /* InicioCancelado.xml in Resources */ = {isa = PBXBuildFile; fileRef = 10B5A6F92C618A200031A90D /* InicioCancelado.xml */; };
		10B5A7052C618A200031A90D /* InicioNegada.xml in Resources */ = {isa = PBXBuildFile; fileRef = 10B5A6FA2C618A200031A90D /* InicioNegada.xml */; };
		10B5A7062C618A200031A90D /* InicioAceptada.xml in Resources */ = {isa = PBXBuildFile; fileRef = 10B5A6FC2C618A200031A90D /* InicioAceptada.xml */; };
		10B5A7072C618A200031A90D /* InicioCancelada.xml in Resources */ = {isa = PBXBuildFile; fileRef = 10B5A6FD2C618A200031A90D /* InicioCancelada.xml */; };
		10B5A7082C618A200031A90D /* InicioNegada.xml in Resources */ = {isa = PBXBuildFile; fileRef = 10B5A6FE2C618A200031A90D /* InicioNegada.xml */; };
		10B5A7092C618A200031A90D /* GraficasEstados.xml in Resources */ = {isa = PBXBuildFile; fileRef = 10B5A7002C618A200031A90D /* GraficasEstados.xml */; };
		10B5A70A2C618A200031A90D /* GraficasNiveles.xml in Resources */ = {isa = PBXBuildFile; fileRef = 10B5A7012C618A200031A90D /* GraficasNiveles.xml */; };
/* End PBXBuildFile section */

/* Begin PBXContainerItemProxy section */
		104D38212C406FDA0011E85C /* PBXContainerItemProxy */ = {
			isa = PBXContainerItemProxy;
			containerPortal = 104D38022C406FD80011E85C /* Project object */;
			proxyType = 1;
			remoteGlobalIDString = 104D38092C406FD80011E85C;
			remoteInfo = MutatioIOS;
		};
		104D382B2C406FDA0011E85C /* PBXContainerItemProxy */ = {
			isa = PBXContainerItemProxy;
			containerPortal = 104D38022C406FD80011E85C /* Project object */;
			proxyType = 1;
			remoteGlobalIDString = 104D38092C406FD80011E85C;
			remoteInfo = MutatioIOS;
		};
/* End PBXContainerItemProxy section */

/* Begin PBXFileReference section */
		103B65FB2C4EFA280076822A /* Conexion.swift */ = {isa = PBXFileReference; lastKnownFileType = sourcecode.swift; path = Conexion.swift; sourceTree = "<group>"; };
		103B65FE2C4EFBDE0076822A /* LoginControl.swift */ = {isa = PBXFileReference; lastKnownFileType = sourcecode.swift; path = LoginControl.swift; sourceTree = "<group>"; };
		103B66002C4EFBFD0076822A /* ConfirmacionControler.swift */ = {isa = PBXFileReference; lastKnownFileType = sourcecode.swift; path = ConfirmacionControler.swift; sourceTree = "<group>"; };
		103B66022C4EFC330076822A /* InicioControler.swift */ = {isa = PBXFileReference; lastKnownFileType = sourcecode.swift; path = InicioControler.swift; sourceTree = "<group>"; };
		103B66042C4EFC550076822A /* PreguntasCOntroler.swift */ = {isa = PBXFileReference; lastKnownFileType = sourcecode.swift; path = PreguntasCOntroler.swift; sourceTree = "<group>"; };
		103B66062C4EFCD50076822A /* PreguntaControler.swift */ = {isa = PBXFileReference; lastKnownFileType = sourcecode.swift; path = PreguntaControler.swift; sourceTree = "<group>"; };
		103B66082C4EFCEA0076822A /* GraficasControler.swift */ = {isa = PBXFileReference; lastKnownFileType = sourcecode.swift; path = GraficasControler.swift; sourceTree = "<group>"; };
		104D380A2C406FD80011E85C /* MutatioIOS.app */ = {isa = PBXFileReference; explicitFileType = wrapper.application; includeInIndex = 0; path = MutatioIOS.app; sourceTree = BUILT_PRODUCTS_DIR; };
		104D380D2C406FD80011E85C /* AppDelegate.swift */ = {isa = PBXFileReference; lastKnownFileType = sourcecode.swift; path = AppDelegate.swift; sourceTree = "<group>"; };
		104D380F2C406FD80011E85C /* SceneDelegate.swift */ = {isa = PBXFileReference; lastKnownFileType = sourcecode.swift; path = SceneDelegate.swift; sourceTree = "<group>"; };
		104D38112C406FD80011E85C /* ViewController.swift */ = {isa = PBXFileReference; lastKnownFileType = sourcecode.swift; path = ViewController.swift; sourceTree = "<group>"; };
		104D38142C406FD80011E85C /* Base */ = {isa = PBXFileReference; lastKnownFileType = file.storyboard; name = Base; path = Base.lproj/Main.storyboard; sourceTree = "<group>"; };
		104D38162C406FD90011E85C /* Assets.xcassets */ = {isa = PBXFileReference; lastKnownFileType = folder.assetcatalog; path = Assets.xcassets; sourceTree = "<group>"; };
		104D38192C406FD90011E85C /* Base */ = {isa = PBXFileReference; lastKnownFileType = file.storyboard; name = Base; path = Base.lproj/LaunchScreen.storyboard; sourceTree = "<group>"; };
		104D381B2C406FD90011E85C /* Info.plist */ = {isa = PBXFileReference; lastKnownFileType = text.plist.xml; path = Info.plist; sourceTree = "<group>"; };
		104D38202C406FDA0011E85C /* MutatioIOSTests.xctest */ = {isa = PBXFileReference; explicitFileType = wrapper.cfbundle; includeInIndex = 0; path = MutatioIOSTests.xctest; sourceTree = BUILT_PRODUCTS_DIR; };
		104D38242C406FDA0011E85C /* MutatioIOSTests.swift */ = {isa = PBXFileReference; lastKnownFileType = sourcecode.swift; path = MutatioIOSTests.swift; sourceTree = "<group>"; };
		104D382A2C406FDA0011E85C /* MutatioIOSUITests.xctest */ = {isa = PBXFileReference; explicitFileType = wrapper.cfbundle; includeInIndex = 0; path = MutatioIOSUITests.xctest; sourceTree = BUILT_PRODUCTS_DIR; };
		104D382E2C406FDA0011E85C /* MutatioIOSUITests.swift */ = {isa = PBXFileReference; lastKnownFileType = sourcecode.swift; path = MutatioIOSUITests.swift; sourceTree = "<group>"; };
		104D38302C406FDA0011E85C /* MutatioIOSUITestsLaunchTests.swift */ = {isa = PBXFileReference; lastKnownFileType = sourcecode.swift; path = MutatioIOSUITestsLaunchTests.swift; sourceTree = "<group>"; };
		10B5A6F82C618A200031A90D /* InicioAceptado.xml */ = {isa = PBXFileReference; fileEncoding = 4; lastKnownFileType = text.xml; path = InicioAceptado.xml; sourceTree = "<group>"; };
		10B5A6F92C618A200031A90D /* InicioCancelado.xml */ = {isa = PBXFileReference; fileEncoding = 4; lastKnownFileType = text.xml; path = InicioCancelado.xml; sourceTree = "<group>"; };
		10B5A6FA2C618A200031A90D /* InicioNegada.xml */ = {isa = PBXFileReference; fileEncoding = 4; lastKnownFileType = text.xml; path = InicioNegada.xml; sourceTree = "<group>"; };
		10B5A6FC2C618A200031A90D /* InicioAceptada.xml */ = {isa = PBXFileReference; fileEncoding = 4; lastKnownFileType = text.xml; path = InicioAceptada.xml; sourceTree = "<group>"; };
		10B5A6FD2C618A200031A90D /* InicioCancelada.xml */ = {isa = PBXFileReference; fileEncoding = 4; lastKnownFileType = text.xml; path = InicioCancelada.xml; sourceTree = "<group>"; };
		10B5A6FE2C618A200031A90D /* InicioNegada.xml */ = {isa = PBXFileReference; fileEncoding = 4; lastKnownFileType = text.xml; path = InicioNegada.xml; sourceTree = "<group>"; };
		10B5A7002C618A200031A90D /* GraficasEstados.xml */ = {isa = PBXFileReference; fileEncoding = 4; lastKnownFileType = text.xml; path = GraficasEstados.xml; sourceTree = "<group>"; };
		10B5A7012C618A200031A90D /* GraficasNiveles.xml */ = {isa = PBXFileReference; fileEncoding = 4; lastKnownFileType = text.xml; path = GraficasNiveles.xml; sourceTree = "<group>"; };
/* End PBXFileReference section */

/* Begin PBXFrameworksBuildPhase section */
		104D38072C406FD80011E85C /* Frameworks */ = {
			isa = PBXFrameworksBuildPhase;
			buildActionMask = 2147483647;
			files = (
			);
			runOnlyForDeploymentPostprocessing = 0;
		};
		104D381D2C406FDA0011E85C /* Frameworks */ = {
			isa = PBXFrameworksBuildPhase;
			buildActionMask = 2147483647;
			files = (
			);
			runOnlyForDeploymentPostprocessing = 0;
		};
		104D38272C406FDA0011E85C /* Frameworks */ = {
			isa = PBXFrameworksBuildPhase;
			buildActionMask = 2147483647;
			files = (
			);
			runOnlyForDeploymentPostprocessing = 0;
		};
/* End PBXFrameworksBuildPhase section */

/* Begin PBXGroup section */
		103B65FD2C4EFB890076822A /* Controlers */ = {
			isa = PBXGroup;
			children = (
				103B65FE2C4EFBDE0076822A /* LoginControl.swift */,
				103B66002C4EFBFD0076822A /* ConfirmacionControler.swift */,
				103B66022C4EFC330076822A /* InicioControler.swift */,
				103B66042C4EFC550076822A /* PreguntasCOntroler.swift */,
				103B66062C4EFCD50076822A /* PreguntaControler.swift */,
				103B66082C4EFCEA0076822A /* GraficasControler.swift */,
			);
			path = Controlers;
			sourceTree = "<group>";
		};
		104D38012C406FD80011E85C = {
			isa = PBXGroup;
			children = (
				10B5A7022C618A200031A90D /* Ejemplos XML */,
				104D380C2C406FD80011E85C /* MutatioIOS */,
				104D38232C406FDA0011E85C /* MutatioIOSTests */,
				104D382D2C406FDA0011E85C /* MutatioIOSUITests */,
				104D380B2C406FD80011E85C /* Products */,
			);
			sourceTree = "<group>";
		};
		104D380B2C406FD80011E85C /* Products */ = {
			isa = PBXGroup;
			children = (
				104D380A2C406FD80011E85C /* MutatioIOS.app */,
				104D38202C406FDA0011E85C /* MutatioIOSTests.xctest */,
				104D382A2C406FDA0011E85C /* MutatioIOSUITests.xctest */,
			);
			name = Products;
			sourceTree = "<group>";
		};
		104D380C2C406FD80011E85C /* MutatioIOS */ = {
			isa = PBXGroup;
			children = (
				103B65FD2C4EFB890076822A /* Controlers */,
				104D380D2C406FD80011E85C /* AppDelegate.swift */,
				104D380F2C406FD80011E85C /* SceneDelegate.swift */,
				104D38112C406FD80011E85C /* ViewController.swift */,
				104D38132C406FD80011E85C /* Main.storyboard */,
				104D38162C406FD90011E85C /* Assets.xcassets */,
				104D38182C406FD90011E85C /* LaunchScreen.storyboard */,
				104D381B2C406FD90011E85C /* Info.plist */,
				103B65FB2C4EFA280076822A /* Conexion.swift */,
			);
			path = MutatioIOS;
			sourceTree = "<group>";
		};
		104D38232C406FDA0011E85C /* MutatioIOSTests */ = {
			isa = PBXGroup;
			children = (
				104D38242C406FDA0011E85C /* MutatioIOSTests.swift */,
			);
			path = MutatioIOSTests;
			sourceTree = "<group>";
		};
		104D382D2C406FDA0011E85C /* MutatioIOSUITests */ = {
			isa = PBXGroup;
			children = (
				104D382E2C406FDA0011E85C /* MutatioIOSUITests.swift */,
				104D38302C406FDA0011E85C /* MutatioIOSUITestsLaunchTests.swift */,
			);
			path = MutatioIOSUITests;
			sourceTree = "<group>";
		};
		10B5A6FB2C618A200031A90D /* Cambios */ = {
			isa = PBXGroup;
			children = (
				10B5A6F82C618A200031A90D /* InicioAceptado.xml */,
				10B5A6F92C618A200031A90D /* InicioCancelado.xml */,
				10B5A6FA2C618A200031A90D /* InicioNegada.xml */,
			);
			path = Cambios;
			sourceTree = "<group>";
		};
		10B5A6FF2C618A200031A90D /* Permutas */ = {
			isa = PBXGroup;
			children = (
				10B5A6FC2C618A200031A90D /* InicioAceptada.xml */,
				10B5A6FD2C618A200031A90D /* InicioCancelada.xml */,
				10B5A6FE2C618A200031A90D /* InicioNegada.xml */,
			);
			path = Permutas;
			sourceTree = "<group>";
		};
		10B5A7022C618A200031A90D /* Ejemplos XML */ = {
			isa = PBXGroup;
			children = (
				10B5A6FB2C618A200031A90D /* Cambios */,
				10B5A6FF2C618A200031A90D /* Permutas */,
				10B5A7002C618A200031A90D /* GraficasEstados.xml */,
				10B5A7012C618A200031A90D /* GraficasNiveles.xml */,
			);
			path = "Ejemplos XML";
			sourceTree = "<group>";
		};
/* End PBXGroup section */

/* Begin PBXNativeTarget section */
		104D38092C406FD80011E85C /* MutatioIOS */ = {
			isa = PBXNativeTarget;
			buildConfigurationList = 104D38342C406FDA0011E85C /* Build configuration list for PBXNativeTarget "MutatioIOS" */;
			buildPhases = (
				104D38062C406FD80011E85C /* Sources */,
				104D38072C406FD80011E85C /* Frameworks */,
				104D38082C406FD80011E85C /* Resources */,
			);
			buildRules = (
			);
			dependencies = (
			);
			name = MutatioIOS;
			productName = MutatioIOS;
			productReference = 104D380A2C406FD80011E85C /* MutatioIOS.app */;
			productType = "com.apple.product-type.application";
		};
		104D381F2C406FDA0011E85C /* MutatioIOSTests */ = {
			isa = PBXNativeTarget;
			buildConfigurationList = 104D38372C406FDA0011E85C /* Build configuration list for PBXNativeTarget "MutatioIOSTests" */;
			buildPhases = (
				104D381C2C406FDA0011E85C /* Sources */,
				104D381D2C406FDA0011E85C /* Frameworks */,
				104D381E2C406FDA0011E85C /* Resources */,
			);
			buildRules = (
			);
			dependencies = (
				104D38222C406FDA0011E85C /* PBXTargetDependency */,
			);
			name = MutatioIOSTests;
			productName = MutatioIOSTests;
			productReference = 104D38202C406FDA0011E85C /* MutatioIOSTests.xctest */;
			productType = "com.apple.product-type.bundle.unit-test";
		};
		104D38292C406FDA0011E85C /* MutatioIOSUITests */ = {
			isa = PBXNativeTarget;
			buildConfigurationList = 104D383A2C406FDA0011E85C /* Build configuration list for PBXNativeTarget "MutatioIOSUITests" */;
			buildPhases = (
				104D38262C406FDA0011E85C /* Sources */,
				104D38272C406FDA0011E85C /* Frameworks */,
				104D38282C406FDA0011E85C /* Resources */,
			);
			buildRules = (
			);
			dependencies = (
				104D382C2C406FDA0011E85C /* PBXTargetDependency */,
			);
			name = MutatioIOSUITests;
			productName = MutatioIOSUITests;
			productReference = 104D382A2C406FDA0011E85C /* MutatioIOSUITests.xctest */;
			productType = "com.apple.product-type.bundle.ui-testing";
		};
/* End PBXNativeTarget section */

/* Begin PBXProject section */
		104D38022C406FD80011E85C /* Project object */ = {
			isa = PBXProject;
			attributes = {
				BuildIndependentTargetsInParallel = 1;
				LastSwiftUpdateCheck = 1540;
				LastUpgradeCheck = 1540;
				TargetAttributes = {
					104D38092C406FD80011E85C = {
						CreatedOnToolsVersion = 15.4;
					};
					104D381F2C406FDA0011E85C = {
						CreatedOnToolsVersion = 15.4;
						TestTargetID = 104D38092C406FD80011E85C;
					};
					104D38292C406FDA0011E85C = {
						CreatedOnToolsVersion = 15.4;
						TestTargetID = 104D38092C406FD80011E85C;
					};
				};
			};
			buildConfigurationList = 104D38052C406FD80011E85C /* Build configuration list for PBXProject "MutatioIOS" */;
			compatibilityVersion = "Xcode 14.0";
			developmentRegion = en;
			hasScannedForEncodings = 0;
			knownRegions = (
				en,
				Base,
			);
			mainGroup = 104D38012C406FD80011E85C;
			productRefGroup = 104D380B2C406FD80011E85C /* Products */;
			projectDirPath = "";
			projectRoot = "";
			targets = (
				104D38092C406FD80011E85C /* MutatioIOS */,
				104D381F2C406FDA0011E85C /* MutatioIOSTests */,
				104D38292C406FDA0011E85C /* MutatioIOSUITests */,
			);
		};
/* End PBXProject section */

/* Begin PBXResourcesBuildPhase section */
		104D38082C406FD80011E85C /* Resources */ = {
			isa = PBXResourcesBuildPhase;
			buildActionMask = 2147483647;
			files = (
				104D38172C406FD90011E85C /* Assets.xcassets in Resources */,
				10B5A7072C618A200031A90D /* InicioCancelada.xml in Resources */,
				10B5A7082C618A200031A90D /* InicioNegada.xml in Resources */,
				10B5A7032C618A200031A90D /* InicioAceptado.xml in Resources */,
				10B5A7052C618A200031A90D /* InicioNegada.xml in Resources */,
				104D381A2C406FD90011E85C /* Base in Resources */,
				10B5A70A2C618A200031A90D /* GraficasNiveles.xml in Resources */,
				10B5A7042C618A200031A90D /* InicioCancelado.xml in Resources */,
				10B5A7062C618A200031A90D /* InicioAceptada.xml in Resources */,
				104D38152C406FD80011E85C /* Base in Resources */,
				10B5A7092C618A200031A90D /* GraficasEstados.xml in Resources */,
			);
			runOnlyForDeploymentPostprocessing = 0;
		};
		104D381E2C406FDA0011E85C /* Resources */ = {
			isa = PBXResourcesBuildPhase;
			buildActionMask = 2147483647;
			files = (
			);
			runOnlyForDeploymentPostprocessing = 0;
		};
		104D38282C406FDA0011E85C /* Resources */ = {
			isa = PBXResourcesBuildPhase;
			buildActionMask = 2147483647;
			files = (
			);
			runOnlyForDeploymentPostprocessing = 0;
		};
/* End PBXResourcesBuildPhase section */

/* Begin PBXSourcesBuildPhase section */
		104D38062C406FD80011E85C /* Sources */ = {
			isa = PBXSourcesBuildPhase;
			buildActionMask = 2147483647;
			files = (
				103B66032C4EFC330076822A /* InicioControler.swift in Sources */,
				103B65FC2C4EFA280076822A /* Conexion.swift in Sources */,
				103B66092C4EFCEA0076822A /* GraficasControler.swift in Sources */,
				104D38122C406FD80011E85C /* ViewController.swift in Sources */,
				103B65FF2C4EFBDE0076822A /* LoginControl.swift in Sources */,
				103B66052C4EFC550076822A /* PreguntasCOntroler.swift in Sources */,
				104D380E2C406FD80011E85C /* AppDelegate.swift in Sources */,
				103B66012C4EFBFD0076822A /* ConfirmacionControler.swift in Sources */,
				103B66072C4EFCD50076822A /* PreguntaControler.swift in Sources */,
				104D38102C406FD80011E85C /* SceneDelegate.swift in Sources */,
			);
			runOnlyForDeploymentPostprocessing = 0;
		};
		104D381C2C406FDA0011E85C /* Sources */ = {
			isa = PBXSourcesBuildPhase;
			buildActionMask = 2147483647;
			files = (
				104D38252C406FDA0011E85C /* MutatioIOSTests.swift in Sources */,
			);
			runOnlyForDeploymentPostprocessing = 0;
		};
		104D38262C406FDA0011E85C /* Sources */ = {
			isa = PBXSourcesBuildPhase;
			buildActionMask = 2147483647;
			files = (
				104D38312C406FDA0011E85C /* MutatioIOSUITestsLaunchTests.swift in Sources */,
				104D382F2C406FDA0011E85C /* MutatioIOSUITests.swift in Sources */,
			);
			runOnlyForDeploymentPostprocessing = 0;
		};
/* End PBXSourcesBuildPhase section */

/* Begin PBXTargetDependency section */
		104D38222C406FDA0011E85C /* PBXTargetDependency */ = {
			isa = PBXTargetDependency;
			target = 104D38092C406FD80011E85C /* MutatioIOS */;
			targetProxy = 104D38212C406FDA0011E85C /* PBXContainerItemProxy */;
		};
		104D382C2C406FDA0011E85C /* PBXTargetDependency */ = {
			isa = PBXTargetDependency;
			target = 104D38092C406FD80011E85C /* MutatioIOS */;
			targetProxy = 104D382B2C406FDA0011E85C /* PBXContainerItemProxy */;
		};
/* End PBXTargetDependency section */

/* Begin PBXVariantGroup section */
		104D38132C406FD80011E85C /* Main.storyboard */ = {
			isa = PBXVariantGroup;
			children = (
				104D38142C406FD80011E85C /* Base */,
			);
			name = Main.storyboard;
			sourceTree = "<group>";
		};
		104D38182C406FD90011E85C /* LaunchScreen.storyboard */ = {
			isa = PBXVariantGroup;
			children = (
				104D38192C406FD90011E85C /* Base */,
			);
			name = LaunchScreen.storyboard;
			sourceTree = "<group>";
		};
/* End PBXVariantGroup section */

/* Begin XCBuildConfiguration section */
		104D38322C406FDA0011E85C /* Debug */ = {
			isa = XCBuildConfiguration;
			buildSettings = {
				ALWAYS_SEARCH_USER_PATHS = NO;
				ASSETCATALOG_COMPILER_GENERATE_SWIFT_ASSET_SYMBOL_EXTENSIONS = YES;
				CLANG_ANALYZER_NONNULL = YES;
				CLANG_ANALYZER_NUMBER_OBJECT_CONVERSION = YES_AGGRESSIVE;
				CLANG_CXX_LANGUAGE_STANDARD = "gnu++20";
				CLANG_ENABLE_MODULES = YES;
				CLANG_ENABLE_OBJC_ARC = YES;
				CLANG_ENABLE_OBJC_WEAK = YES;
				CLANG_WARN_BLOCK_CAPTURE_AUTORELEASING = YES;
				CLANG_WARN_BOOL_CONVERSION = YES;
				CLANG_WARN_COMMA = YES;
				CLANG_WARN_CONSTANT_CONVERSION = YES;
				CLANG_WARN_DEPRECATED_OBJC_IMPLEMENTATIONS = YES;
				CLANG_WARN_DIRECT_OBJC_ISA_USAGE = YES_ERROR;
				CLANG_WARN_DOCUMENTATION_COMMENTS = YES;
				CLANG_WARN_EMPTY_BODY = YES;
				CLANG_WARN_ENUM_CONVERSION = YES;
				CLANG_WARN_INFINITE_RECURSION = YES;
				CLANG_WARN_INT_CONVERSION = YES;
				CLANG_WARN_NON_LITERAL_NULL_CONVERSION = YES;
				CLANG_WARN_OBJC_IMPLICIT_RETAIN_SELF = YES;
				CLANG_WARN_OBJC_LITERAL_CONVERSION = YES;
				CLANG_WARN_OBJC_ROOT_CLASS = YES_ERROR;
				CLANG_WARN_QUOTED_INCLUDE_IN_FRAMEWORK_HEADER = YES;
				CLANG_WARN_RANGE_LOOP_ANALYSIS = YES;
				CLANG_WARN_STRICT_PROTOTYPES = YES;
				CLANG_WARN_SUSPICIOUS_MOVE = YES;
				CLANG_WARN_UNGUARDED_AVAILABILITY = YES_AGGRESSIVE;
				CLANG_WARN_UNREACHABLE_CODE = YES;
				CLANG_WARN__DUPLICATE_METHOD_MATCH = YES;
				COPY_PHASE_STRIP = NO;
				DEBUG_INFORMATION_FORMAT = dwarf;
				ENABLE_STRICT_OBJC_MSGSEND = YES;
				ENABLE_TESTABILITY = YES;
				ENABLE_USER_SCRIPT_SANDBOXING = YES;
				GCC_C_LANGUAGE_STANDARD = gnu17;
				GCC_DYNAMIC_NO_PIC = NO;
				GCC_NO_COMMON_BLOCKS = YES;
				GCC_OPTIMIZATION_LEVEL = 0;
				GCC_PREPROCESSOR_DEFINITIONS = (
					"DEBUG=1",
					"$(inherited)",
				);
				GCC_WARN_64_TO_32_BIT_CONVERSION = YES;
				GCC_WARN_ABOUT_RETURN_TYPE = YES_ERROR;
				GCC_WARN_UNDECLARED_SELECTOR = YES;
				GCC_WARN_UNINITIALIZED_AUTOS = YES_AGGRESSIVE;
				GCC_WARN_UNUSED_FUNCTION = YES;
				GCC_WARN_UNUSED_VARIABLE = YES;
				IPHONEOS_DEPLOYMENT_TARGET = 17.5;
				LOCALIZATION_PREFERS_STRING_CATALOGS = YES;
				MTL_ENABLE_DEBUG_INFO = INCLUDE_SOURCE;
				MTL_FAST_MATH = YES;
				ONLY_ACTIVE_ARCH = YES;
				SDKROOT = iphoneos;
				SWIFT_ACTIVE_COMPILATION_CONDITIONS = "DEBUG $(inherited)";
				SWIFT_OPTIMIZATION_LEVEL = "-Onone";
			};
			name = Debug;
		};
		104D38332C406FDA0011E85C /* Release */ = {
			isa = XCBuildConfiguration;
			buildSettings = {
				ALWAYS_SEARCH_USER_PATHS = NO;
				ASSETCATALOG_COMPILER_GENERATE_SWIFT_ASSET_SYMBOL_EXTENSIONS = YES;
				CLANG_ANALYZER_NONNULL = YES;
				CLANG_ANALYZER_NUMBER_OBJECT_CONVERSION = YES_AGGRESSIVE;
				CLANG_CXX_LANGUAGE_STANDARD = "gnu++20";
				CLANG_ENABLE_MODULES = YES;
				CLANG_ENABLE_OBJC_ARC = YES;
				CLANG_ENABLE_OBJC_WEAK = YES;
				CLANG_WARN_BLOCK_CAPTURE_AUTORELEASING = YES;
				CLANG_WARN_BOOL_CONVERSION = YES;
				CLANG_WARN_COMMA = YES;
				CLANG_WARN_CONSTANT_CONVERSION = YES;
				CLANG_WARN_DEPRECATED_OBJC_IMPLEMENTATIONS = YES;
				CLANG_WARN_DIRECT_OBJC_ISA_USAGE = YES_ERROR;
				CLANG_WARN_DOCUMENTATION_COMMENTS = YES;
				CLANG_WARN_EMPTY_BODY = YES;
				CLANG_WARN_ENUM_CONVERSION = YES;
				CLANG_WARN_INFINITE_RECURSION = YES;
				CLANG_WARN_INT_CONVERSION = YES;
				CLANG_WARN_NON_LITERAL_NULL_CONVERSION = YES;
				CLANG_WARN_OBJC_IMPLICIT_RETAIN_SELF = YES;
				CLANG_WARN_OBJC_LITERAL_CONVERSION = YES;
				CLANG_WARN_OBJC_ROOT_CLASS = YES_ERROR;
				CLANG_WARN_QUOTED_INCLUDE_IN_FRAMEWORK_HEADER = YES;
				CLANG_WARN_RANGE_LOOP_ANALYSIS = YES;
				CLANG_WARN_STRICT_PROTOTYPES = YES;
				CLANG_WARN_SUSPICIOUS_MOVE = YES;
				CLANG_WARN_UNGUARDED_AVAILABILITY = YES_AGGRESSIVE;
				CLANG_WARN_UNREACHABLE_CODE = YES;
				CLANG_WARN__DUPLICATE_METHOD_MATCH = YES;
				COPY_PHASE_STRIP = NO;
				DEBUG_INFORMATION_FORMAT = "dwarf-with-dsym";
				ENABLE_NS_ASSERTIONS = NO;
				ENABLE_STRICT_OBJC_MSGSEND = YES;
				ENABLE_USER_SCRIPT_SANDBOXING = YES;
				GCC_C_LANGUAGE_STANDARD = gnu17;
				GCC_NO_COMMON_BLOCKS = YES;
				GCC_WARN_64_TO_32_BIT_CONVERSION = YES;
				GCC_WARN_ABOUT_RETURN_TYPE = YES_ERROR;
				GCC_WARN_UNDECLARED_SELECTOR = YES;
				GCC_WARN_UNINITIALIZED_AUTOS = YES_AGGRESSIVE;
				GCC_WARN_UNUSED_FUNCTION = YES;
				GCC_WARN_UNUSED_VARIABLE = YES;
				IPHONEOS_DEPLOYMENT_TARGET = 17.5;
				LOCALIZATION_PREFERS_STRING_CATALOGS = YES;
				MTL_ENABLE_DEBUG_INFO = NO;
				MTL_FAST_MATH = YES;
				SDKROOT = iphoneos;
				SWIFT_COMPILATION_MODE = wholemodule;
				VALIDATE_PRODUCT = YES;
			};
			name = Release;
		};
		104D38352C406FDA0011E85C /* Debug */ = {
			isa = XCBuildConfiguration;
			buildSettings = {
				ASSETCATALOG_COMPILER_APPICON_NAME = AppIcon;
				ASSETCATALOG_COMPILER_GLOBAL_ACCENT_COLOR_NAME = AccentColor;
				CODE_SIGN_STYLE = Automatic;
				CURRENT_PROJECT_VERSION = 1;
				GENERATE_INFOPLIST_FILE = YES;
				INFOPLIST_FILE = MutatioIOS/Info.plist;
				INFOPLIST_KEY_UIApplicationSupportsIndirectInputEvents = YES;
				INFOPLIST_KEY_UILaunchStoryboardName = LaunchScreen;
				INFOPLIST_KEY_UIMainStoryboardFile = Main;
				INFOPLIST_KEY_UISupportedInterfaceOrientations_iPad = "UIInterfaceOrientationPortrait UIInterfaceOrientationPortraitUpsideDown UIInterfaceOrientationLandscapeLeft UIInterfaceOrientationLandscapeRight";
				INFOPLIST_KEY_UISupportedInterfaceOrientations_iPhone = "UIInterfaceOrientationPortrait UIInterfaceOrientationLandscapeLeft UIInterfaceOrientationLandscapeRight";
				LD_RUNPATH_SEARCH_PATHS = (
					"$(inherited)",
					"@executable_path/Frameworks",
				);
				MARKETING_VERSION = 1.0;
				PRODUCT_BUNDLE_IDENTIFIER = udll.com.MutatioIOS;
				PRODUCT_NAME = "$(TARGET_NAME)";
				SWIFT_EMIT_LOC_STRINGS = YES;
				SWIFT_VERSION = 5.0;
				TARGETED_DEVICE_FAMILY = "1,2";
			};
			name = Debug;
		};
		104D38362C406FDA0011E85C /* Release */ = {
			isa = XCBuildConfiguration;
			buildSettings = {
				ASSETCATALOG_COMPILER_APPICON_NAME = AppIcon;
				ASSETCATALOG_COMPILER_GLOBAL_ACCENT_COLOR_NAME = AccentColor;
				CODE_SIGN_STYLE = Automatic;
				CURRENT_PROJECT_VERSION = 1;
				GENERATE_INFOPLIST_FILE = YES;
				INFOPLIST_FILE = MutatioIOS/Info.plist;
				INFOPLIST_KEY_UIApplicationSupportsIndirectInputEvents = YES;
				INFOPLIST_KEY_UILaunchStoryboardName = LaunchScreen;
				INFOPLIST_KEY_UIMainStoryboardFile = Main;
				INFOPLIST_KEY_UISupportedInterfaceOrientations_iPad = "UIInterfaceOrientationPortrait UIInterfaceOrientationPortraitUpsideDown UIInterfaceOrientationLandscapeLeft UIInterfaceOrientationLandscapeRight";
				INFOPLIST_KEY_UISupportedInterfaceOrientations_iPhone = "UIInterfaceOrientationPortrait UIInterfaceOrientationLandscapeLeft UIInterfaceOrientationLandscapeRight";
				LD_RUNPATH_SEARCH_PATHS = (
					"$(inherited)",
					"@executable_path/Frameworks",
				);
				MARKETING_VERSION = 1.0;
				PRODUCT_BUNDLE_IDENTIFIER = udll.com.MutatioIOS;
				PRODUCT_NAME = "$(TARGET_NAME)";
				SWIFT_EMIT_LOC_STRINGS = YES;
				SWIFT_VERSION = 5.0;
				TARGETED_DEVICE_FAMILY = "1,2";
			};
			name = Release;
		};
		104D38382C406FDA0011E85C /* Debug */ = {
			isa = XCBuildConfiguration;
			buildSettings = {
				ALWAYS_EMBED_SWIFT_STANDARD_LIBRARIES = YES;
				BUNDLE_LOADER = "$(TEST_HOST)";
				CODE_SIGN_STYLE = Automatic;
				CURRENT_PROJECT_VERSION = 1;
				GENERATE_INFOPLIST_FILE = YES;
				IPHONEOS_DEPLOYMENT_TARGET = 17.5;
				MARKETING_VERSION = 1.0;
				PRODUCT_BUNDLE_IDENTIFIER = udll.com.MutatioIOSTests;
				PRODUCT_NAME = "$(TARGET_NAME)";
				SWIFT_EMIT_LOC_STRINGS = NO;
				SWIFT_VERSION = 5.0;
				TARGETED_DEVICE_FAMILY = "1,2";
				TEST_HOST = "$(BUILT_PRODUCTS_DIR)/MutatioIOS.app/$(BUNDLE_EXECUTABLE_FOLDER_PATH)/MutatioIOS";
			};
			name = Debug;
		};
		104D38392C406FDA0011E85C /* Release */ = {
			isa = XCBuildConfiguration;
			buildSettings = {
				ALWAYS_EMBED_SWIFT_STANDARD_LIBRARIES = YES;
				BUNDLE_LOADER = "$(TEST_HOST)";
				CODE_SIGN_STYLE = Automatic;
				CURRENT_PROJECT_VERSION = 1;
				GENERATE_INFOPLIST_FILE = YES;
				IPHONEOS_DEPLOYMENT_TARGET = 17.5;
				MARKETING_VERSION = 1.0;
				PRODUCT_BUNDLE_IDENTIFIER = udll.com.MutatioIOSTests;
				PRODUCT_NAME = "$(TARGET_NAME)";
				SWIFT_EMIT_LOC_STRINGS = NO;
				SWIFT_VERSION = 5.0;
				TARGETED_DEVICE_FAMILY = "1,2";
				TEST_HOST = "$(BUILT_PRODUCTS_DIR)/MutatioIOS.app/$(BUNDLE_EXECUTABLE_FOLDER_PATH)/MutatioIOS";
			};
			name = Release;
		};
		104D383B2C406FDA0011E85C /* Debug */ = {
			isa = XCBuildConfiguration;
			buildSettings = {
				ALWAYS_EMBED_SWIFT_STANDARD_LIBRARIES = YES;
				CODE_SIGN_STYLE = Automatic;
				CURRENT_PROJECT_VERSION = 1;
				GENERATE_INFOPLIST_FILE = YES;
				MARKETING_VERSION = 1.0;
				PRODUCT_BUNDLE_IDENTIFIER = udll.com.MutatioIOSUITests;
				PRODUCT_NAME = "$(TARGET_NAME)";
				SWIFT_EMIT_LOC_STRINGS = NO;
				SWIFT_VERSION = 5.0;
				TARGETED_DEVICE_FAMILY = "1,2";
				TEST_TARGET_NAME = MutatioIOS;
			};
			name = Debug;
		};
		104D383C2C406FDA0011E85C /* Release */ = {
			isa = XCBuildConfiguration;
			buildSettings = {
				ALWAYS_EMBED_SWIFT_STANDARD_LIBRARIES = YES;
				CODE_SIGN_STYLE = Automatic;
				CURRENT_PROJECT_VERSION = 1;
				GENERATE_INFOPLIST_FILE = YES;
				MARKETING_VERSION = 1.0;
				PRODUCT_BUNDLE_IDENTIFIER = udll.com.MutatioIOSUITests;
				PRODUCT_NAME = "$(TARGET_NAME)";
				SWIFT_EMIT_LOC_STRINGS = NO;
				SWIFT_VERSION = 5.0;
				TARGETED_DEVICE_FAMILY = "1,2";
				TEST_TARGET_NAME = MutatioIOS;
			};
			name = Release;
		};
/* End XCBuildConfiguration section */

/* Begin XCConfigurationList section */
		104D38052C406FD80011E85C /* Build configuration list for PBXProject "MutatioIOS" */ = {
			isa = XCConfigurationList;
			buildConfigurations = (
				104D38322C406FDA0011E85C /* Debug */,
				104D38332C406FDA0011E85C /* Release */,
			);
			defaultConfigurationIsVisible = 0;
			defaultConfigurationName = Release;
		};
		104D38342C406FDA0011E85C /* Build configuration list for PBXNativeTarget "MutatioIOS" */ = {
			isa = XCConfigurationList;
			buildConfigurations = (
				104D38352C406FDA0011E85C /* Debug */,
				104D38362C406FDA0011E85C /* Release */,
			);
			defaultConfigurationIsVisible = 0;
			defaultConfigurationName = Release;
		};
		104D38372C406FDA0011E85C /* Build configuration list for PBXNativeTarget "MutatioIOSTests" */ = {
			isa = XCConfigurationList;
			buildConfigurations = (
				104D38382C406FDA0011E85C /* Debug */,
				104D38392C406FDA0011E85C /* Release */,
			);
			defaultConfigurationIsVisible = 0;
			defaultConfigurationName = Release;
		};
		104D383A2C406FDA0011E85C /* Build configuration list for PBXNativeTarget "MutatioIOSUITests" */ = {
			isa = XCConfigurationList;
			buildConfigurations = (
				104D383B2C406FDA0011E85C /* Debug */,
				104D383C2C406FDA0011E85C /* Release */,
			);
			defaultConfigurationIsVisible = 0;
			defaultConfigurationName = Release;
		};
/* End XCConfigurationList section */
	};
	rootObject = 104D38022C406FD80011E85C /* Project object */;
}
